
Microsoft Visual Studio Solution File, Format Version 12.00
# Visual Studio Version 16
VisualStudioVersion = 16.0.31605.320
MinimumVisualStudioVersion = 10.0.40219.1
Project("{FAE04EC0-301F-11D3-BF4B-00C04F79EFBC}") = "Aula4", "Aula4.csproj", "{389F3C43-CB26-46DE-969C-FFDE0D2FC10C}"
EndProject
Global
	GlobalSection(SolutionConfigurationPlatforms) = preSolution
		Debug|Any CPU = Debug|Any CPU
		Release|Any CPU = Release|Any CPU
	EndGlobalSection
	GlobalSection(ProjectConfigurationPlatforms) = postSolution
		{389F3C43-CB26-46DE-969C-FFDE0D2FC10C}.Debug|Any CPU.ActiveCfg = Debug|Any CPU
		{389F3C43-CB26-46DE-969C-FFDE0D2FC10C}.Debug|Any CPU.Build.0 = Debug|Any CPU
		{389F3C43-CB26-46DE-969C-FFDE0D2FC10C}.Release|Any CPU.ActiveCfg = Release|Any CPU
		{389F3C43-CB26-46DE-969C-FFDE0D2FC10C}.Release|Any CPU.Build.0 = Release|Any CPU
	EndGlobalSection
	GlobalSection(SolutionProperties) = preSolution
		HideSolutionNode = FALSE
	EndGlobalSection
	GlobalSection(ExtensibilityGlobals) = postSolution
		SolutionGuid = {051D8F57-4E29-4526-9AAC-28950FA543F7}
	EndGlobalSection
EndGlobal
